
Microsoft Visual Studio Solution File, Format Version 12.00
# Visual Studio Version 16
VisualStudioVersion = 16.0.30204.135
MinimumVisualStudioVersion = 10.0.40219.1
Project("{FAE04EC0-301F-11D3-BF4B-00C04F79EFBC}") = "LoginTest", "LoginTest\LoginTest.csproj", "{8BD79EA2-A60C-420B-B1D8-D2BF6CC10C41}"
EndProject
Global
	GlobalSection(SolutionConfigurationPlatforms) = preSolution
		Debug|Any CPU = Debug|Any CPU
		Release|Any CPU = Release|Any CPU
	EndGlobalSection
	GlobalSection(ProjectConfigurationPlatforms) = postSolution
		{8BD79EA2-A60C-420B-B1D8-D2BF6CC10C41}.Debug|Any CPU.ActiveCfg = Debug|Any CPU
		{8BD79EA2-A60C-420B-B1D8-D2BF6CC10C41}.Debug|Any CPU.Build.0 = Debug|Any CPU
		{8BD79EA2-A60C-420B-B1D8-D2BF6CC10C41}.Release|Any CPU.ActiveCfg = Release|Any CPU
		{8BD79EA2-A60C-420B-B1D8-D2BF6CC10C41}.Release|Any CPU.Build.0 = Release|Any CPU
	EndGlobalSection
	GlobalSection(SolutionProperties) = preSolution
		HideSolutionNode = FALSE
	EndGlobalSection
	GlobalSection(ExtensibilityGlobals) = postSolution
		SolutionGuid = {714F9A89-E4F2-44D3-ABF3-1E87B25E3D92}
	EndGlobalSection
EndGlobal
